
Microsoft Visual Studio Solution File, Format Version 12.00
# Visual Studio Version 16
VisualStudioVersion = 16.0.31410.357
MinimumVisualStudioVersion = 10.0.40219.1
Project("{FAE04EC0-301F-11D3-BF4B-00C04F79EFBC}") = "Lab.App", "src\Lab.App\Lab.App.csproj", "{D0C68214-F9A6-4ED2-9560-36C739BF65A8}"
EndProject
Project("{FAE04EC0-301F-11D3-BF4B-00C04F79EFBC}") = "Lab.Business", "src\Lab.Business\Lab.Business.csproj", "{EF8C7B24-6A67-4CCC-898B-63AE41A81B8C}"
EndProject
Project("{FAE04EC0-301F-11D3-BF4B-00C04F79EFBC}") = "Lab.Data", "src\Lab.Data\Lab.Data.csproj", "{33BDDAA5-3ED2-4BCE-A93A-03F680EA24AE}"
EndProject
Global
	GlobalSection(SolutionConfigurationPlatforms) = preSolution
		Debug|Any CPU = Debug|Any CPU
		Release|Any CPU = Release|Any CPU
	EndGlobalSection
	GlobalSection(ProjectConfigurationPlatforms) = postSolution
		{D0C68214-F9A6-4ED2-9560-36C739BF65A8}.Debug|Any CPU.ActiveCfg = Debug|Any CPU
		{D0C68214-F9A6-4ED2-9560-36C739BF65A8}.Debug|Any CPU.Build.0 = Debug|Any CPU
		{D0C68214-F9A6-4ED2-9560-36C739BF65A8}.Release|Any CPU.ActiveCfg = Release|Any CPU
		{D0C68214-F9A6-4ED2-9560-36C739BF65A8}.Release|Any CPU.Build.0 = Release|Any CPU
		{EF8C7B24-6A67-4CCC-898B-63AE41A81B8C}.Debug|Any CPU.ActiveCfg = Debug|Any CPU
		{EF8C7B24-6A67-4CCC-898B-63AE41A81B8C}.Debug|Any CPU.Build.0 = Debug|Any CPU
		{EF8C7B24-6A67-4CCC-898B-63AE41A81B8C}.Release|Any CPU.ActiveCfg = Release|Any CPU
		{EF8C7B24-6A67-4CCC-898B-63AE41A81B8C}.Release|Any CPU.Build.0 = Release|Any CPU
		{33BDDAA5-3ED2-4BCE-A93A-03F680EA24AE}.Debug|Any CPU.ActiveCfg = Debug|Any CPU
		{33BDDAA5-3ED2-4BCE-A93A-03F680EA24AE}.Debug|Any CPU.Build.0 = Debug|Any CPU
		{33BDDAA5-3ED2-4BCE-A93A-03F680EA24AE}.Release|Any CPU.ActiveCfg = Release|Any CPU
		{33BDDAA5-3ED2-4BCE-A93A-03F680EA24AE}.Release|Any CPU.Build.0 = Release|Any CPU
	EndGlobalSection
	GlobalSection(SolutionProperties) = preSolution
		HideSolutionNode = FALSE
	EndGlobalSection
	GlobalSection(ExtensibilityGlobals) = postSolution
		SolutionGuid = {54FD8B00-594B-4254-B0B1-A7492E75BD63}
	EndGlobalSection
EndGlobal
